
Microsoft Visual Studio Solution File, Format Version 12.00
# Visual Studio Version 16
VisualStudioVersion = 16.0.32126.315
MinimumVisualStudioVersion = 10.0.40219.1
Project("{FAE04EC0-301F-11D3-BF4B-00C04F79EFBC}") = "Demo_ex", "Demo_ex\Demo_ex.csproj", "{9957299D-B2B8-41F3-8CFA-6A25963A8437}"
EndProject
Global
	GlobalSection(SolutionConfigurationPlatforms) = preSolution
		Debug|Any CPU = Debug|Any CPU
		Release|Any CPU = Release|Any CPU
	EndGlobalSection
	GlobalSection(ProjectConfigurationPlatforms) = postSolution
		{9957299D-B2B8-41F3-8CFA-6A25963A8437}.Debug|Any CPU.ActiveCfg = Debug|Any CPU
		{9957299D-B2B8-41F3-8CFA-6A25963A8437}.Debug|Any CPU.Build.0 = Debug|Any CPU
		{9957299D-B2B8-41F3-8CFA-6A25963A8437}.Release|Any CPU.ActiveCfg = Release|Any CPU
		{9957299D-B2B8-41F3-8CFA-6A25963A8437}.Release|Any CPU.Build.0 = Release|Any CPU
	EndGlobalSection
	GlobalSection(SolutionProperties) = preSolution
		HideSolutionNode = FALSE
	EndGlobalSection
	GlobalSection(ExtensibilityGlobals) = postSolution
		SolutionGuid = {BDAFA3DA-BD47-4B14-ADCE-8BAAFD945E19}
	EndGlobalSection
EndGlobal
